
Microsoft Visual Studio Solution File, Format Version 12.00
# Visual Studio Version 17
VisualStudioVersion = 17.4.33213.308
MinimumVisualStudioVersion = 10.0.40219.1
Project("{FAE04EC0-301F-11D3-BF4B-00C04F79EFBC}") = "aiapinv01", "aiapinv01\aiapinv01.csproj", "{ED4E39A2-A0D2-49FC-A667-0F278A73AEFA}"
EndProject
Global
	GlobalSection(SolutionConfigurationPlatforms) = preSolution
		Debug|Any CPU = Debug|Any CPU
		Release|Any CPU = Release|Any CPU
	EndGlobalSection
	GlobalSection(ProjectConfigurationPlatforms) = postSolution
		{ED4E39A2-A0D2-49FC-A667-0F278A73AEFA}.Debug|Any CPU.ActiveCfg = Debug|Any CPU
		{ED4E39A2-A0D2-49FC-A667-0F278A73AEFA}.Debug|Any CPU.Build.0 = Debug|Any CPU
		{ED4E39A2-A0D2-49FC-A667-0F278A73AEFA}.Release|Any CPU.ActiveCfg = Release|Any CPU
		{ED4E39A2-A0D2-49FC-A667-0F278A73AEFA}.Release|Any CPU.Build.0 = Release|Any CPU
	EndGlobalSection
	GlobalSection(SolutionProperties) = preSolution
		HideSolutionNode = FALSE
	EndGlobalSection
	GlobalSection(ExtensibilityGlobals) = postSolution
		SolutionGuid = {BE5DD7E7-5D00-488C-97EC-475AF38BC3CA}
	EndGlobalSection
EndGlobal
